// !$*UTF8*$!
{
	archiveVersion = 1;
	classes = {
	};
	objectVersion = 50;
	objects = {

/* Begin PBXBuildFile section */
		8609B253D180200B4B947E7B /* Pods_Todoey.framework in Frameworks */ = {isa = PBXBuildFile; fileRef = BD7585FF562C16CE37A8331D /* Pods_Todoey.framework */; };
		EE060B512221682500A06B0F /* AppDelegate.swift in Sources */ = {isa = PBXBuildFile; fileRef = EE060B502221682500A06B0F /* AppDelegate.swift */; };
		EE060B562221682500A06B0F /* Main.storyboard in Resources */ = {isa = PBXBuildFile; fileRef = EE060B542221682500A06B0F /* Main.storyboard */; };
		EE060B582221682700A06B0F /* Assets.xcassets in Resources */ = {isa = PBXBuildFile; fileRef = EE060B572221682700A06B0F /* Assets.xcassets */; };
		EE060B5B2221682700A06B0F /* LaunchScreen.storyboard in Resources */ = {isa = PBXBuildFile; fileRef = EE060B592221682700A06B0F /* LaunchScreen.storyboard */; };
		EE060B6322216B0400A06B0F /* TodoListTC.swift in Sources */ = {isa = PBXBuildFile; fileRef = EE060B6222216B0400A06B0F /* TodoListTC.swift */; };
		EE8C98FB222E39B700AE4373 /* CategoryTc.swift in Sources */ = {isa = PBXBuildFile; fileRef = EE8C98FA222E39B700AE4373 /* CategoryTc.swift */; };
		EEEB3EF92227E1B800A1AF84 /* ModelData.xcdatamodeld in Sources */ = {isa = PBXBuildFile; fileRef = EEEB3EF72227E1B800A1AF84 /* ModelData.xcdatamodeld */; };
/* End PBXBuildFile section */

/* Begin PBXFileReference section */
		3E0457FE88B313CC12529C6C /* Pods-Todoey.debug.xcconfig */ = {isa = PBXFileReference; includeInIndex = 1; lastKnownFileType = text.xcconfig; name = "Pods-Todoey.debug.xcconfig"; path = "Pods/Target Support Files/Pods-Todoey/Pods-Todoey.debug.xcconfig"; sourceTree = "<group>"; };
		BD7585FF562C16CE37A8331D /* Pods_Todoey.framework */ = {isa = PBXFileReference; explicitFileType = wrapper.framework; includeInIndex = 0; path = Pods_Todoey.framework; sourceTree = BUILT_PRODUCTS_DIR; };
		EE060B4D2221682500A06B0F /* Todoey.app */ = {isa = PBXFileReference; explicitFileType = wrapper.application; includeInIndex = 0; path = Todoey.app; sourceTree = BUILT_PRODUCTS_DIR; };
		EE060B502221682500A06B0F /* AppDelegate.swift */ = {isa = PBXFileReference; lastKnownFileType = sourcecode.swift; path = AppDelegate.swift; sourceTree = "<group>"; };
		EE060B552221682500A06B0F /* Base */ = {isa = PBXFileReference; lastKnownFileType = file.storyboard; name = Base; path = Base.lproj/Main.storyboard; sourceTree = "<group>"; };
		EE060B572221682700A06B0F /* Assets.xcassets */ = {isa = PBXFileReference; lastKnownFileType = folder.assetcatalog; path = Assets.xcassets; sourceTree = "<group>"; };
		EE060B5A2221682700A06B0F /* Base */ = {isa = PBXFileReference; lastKnownFileType = file.storyboard; name = Base; path = Base.lproj/LaunchScreen.storyboard; sourceTree = "<group>"; };
		EE060B5C2221682700A06B0F /* Info.plist */ = {isa = PBXFileReference; lastKnownFileType = text.plist.xml; path = Info.plist; sourceTree = "<group>"; };
		EE060B6222216B0400A06B0F /* TodoListTC.swift */ = {isa = PBXFileReference; lastKnownFileType = sourcecode.swift; path = TodoListTC.swift; sourceTree = "<group>"; };
		EE8C98FA222E39B700AE4373 /* CategoryTc.swift */ = {isa = PBXFileReference; lastKnownFileType = sourcecode.swift; path = CategoryTc.swift; sourceTree = "<group>"; };
		EEE1BE4A33A65A545202323D /* Pods-Todoey.release.xcconfig */ = {isa = PBXFileReference; includeInIndex = 1; lastKnownFileType = text.xcconfig; name = "Pods-Todoey.release.xcconfig"; path = "Pods/Target Support Files/Pods-Todoey/Pods-Todoey.release.xcconfig"; sourceTree = "<group>"; };
		EEEB3EF82227E1B800A1AF84 /* ModelData.xcdatamodel */ = {isa = PBXFileReference; lastKnownFileType = wrapper.xcdatamodel; path = ModelData.xcdatamodel; sourceTree = "<group>"; };
/* End PBXFileReference section */

/* Begin PBXFrameworksBuildPhase section */
		EE060B4A2221682500A06B0F /* Frameworks */ = {
			isa = PBXFrameworksBuildPhase;
			buildActionMask = 2147483647;
			files = (
				8609B253D180200B4B947E7B /* Pods_Todoey.framework in Frameworks */,
			);
			runOnlyForDeploymentPostprocessing = 0;
		};
/* End PBXFrameworksBuildPhase section */

/* Begin PBXGroup section */
		09C9AF4DDF8D954AFE0D25C3 /* Pods */ = {
			isa = PBXGroup;
			children = (
				3E0457FE88B313CC12529C6C /* Pods-Todoey.debug.xcconfig */,
				EEE1BE4A33A65A545202323D /* Pods-Todoey.release.xcconfig */,
			);
			name = Pods;
			sourceTree = "<group>";
		};
		B071AA05A7BDCAE75A716B46 /* Frameworks */ = {
			isa = PBXGroup;
			children = (
				BD7585FF562C16CE37A8331D /* Pods_Todoey.framework */,
			);
			name = Frameworks;
			sourceTree = "<group>";
		};
		EE060B442221682500A06B0F = {
			isa = PBXGroup;
			children = (
				EE060B4F2221682500A06B0F /* Todoey */,
				EE060B4E2221682500A06B0F /* Products */,
				09C9AF4DDF8D954AFE0D25C3 /* Pods */,
				B071AA05A7BDCAE75A716B46 /* Frameworks */,
			);
			sourceTree = "<group>";
		};
		EE060B4E2221682500A06B0F /* Products */ = {
			isa = PBXGroup;
			children = (
				EE060B4D2221682500A06B0F /* Todoey.app */,
			);
			name = Products;
			sourceTree = "<group>";
		};
		EE060B4F2221682500A06B0F /* Todoey */ = {
			isa = PBXGroup;
			children = (
				EE060B502221682500A06B0F /* AppDelegate.swift */,
				EE8C98FA222E39B700AE4373 /* CategoryTc.swift */,
				EE060B6222216B0400A06B0F /* TodoListTC.swift */,
				EEC2EB4B22251B36004A357B /* Model */,
				EE060B542221682500A06B0F /* Main.storyboard */,
				EE060B572221682700A06B0F /* Assets.xcassets */,
				EE060B592221682700A06B0F /* LaunchScreen.storyboard */,
				EE060B5C2221682700A06B0F /* Info.plist */,
			);
			path = Todoey;
			sourceTree = "<group>";
		};
		EEC2EB4B22251B36004A357B /* Model */ = {
			isa = PBXGroup;
			children = (
				EEEB3EF72227E1B800A1AF84 /* ModelData.xcdatamodeld */,
			);
			path = Model;
			sourceTree = "<group>";
		};
/* End PBXGroup section */

/* Begin PBXNativeTarget section */
		EE060B4C2221682500A06B0F /* Todoey */ = {
			isa = PBXNativeTarget;
			buildConfigurationList = EE060B5F2221682700A06B0F /* Build configuration list for PBXNativeTarget "Todoey" */;
			buildPhases = (
				18636CD2BD4BBDDBEC185C96 /* [CP] Check Pods Manifest.lock */,
				EE060B492221682500A06B0F /* Sources */,
				EE060B4A2221682500A06B0F /* Frameworks */,
				EE060B4B2221682500A06B0F /* Resources */,
				308B775B84B4E5FDCA5A951D /* [CP] Embed Pods Frameworks */,
			);
			buildRules = (
			);
			dependencies = (
			);
			name = Todoey;
			productName = Todoey;
			productReference = EE060B4D2221682500A06B0F /* Todoey.app */;
			productType = "com.apple.product-type.application";
		};
/* End PBXNativeTarget section */

/* Begin PBXProject section */
		EE060B452221682500A06B0F /* Project object */ = {
			isa = PBXProject;
			attributes = {
				LastSwiftUpdateCheck = 1010;
				LastUpgradeCheck = 1010;
				ORGANIZATIONNAME = "Shivam Sharma";
				TargetAttributes = {
					EE060B4C2221682500A06B0F = {
						CreatedOnToolsVersion = 10.1;
					};
				};
			};
			buildConfigurationList = EE060B482221682500A06B0F /* Build configuration list for PBXProject "Todoey" */;
			compatibilityVersion = "Xcode 9.3";
			developmentRegion = en;
			hasScannedForEncodings = 0;
			knownRegions = (
				en,
				Base,
			);
			mainGroup = EE060B442221682500A06B0F;
			productRefGroup = EE060B4E2221682500A06B0F /* Products */;
			projectDirPath = "";
			projectRoot = "";
			targets = (
				EE060B4C2221682500A06B0F /* Todoey */,
			);
		};
/* End PBXProject section */

/* Begin PBXResourcesBuildPhase section */
		EE060B4B2221682500A06B0F /* Resources */ = {
			isa = PBXResourcesBuildPhase;
			buildActionMask = 2147483647;
			files = (
				EE060B5B2221682700A06B0F /* LaunchScreen.storyboard in Resources */,
				EE060B582221682700A06B0F /* Assets.xcassets in Resources */,
				EE060B562221682500A06B0F /* Main.storyboard in Resources */,
			);
			runOnlyForDeploymentPostprocessing = 0;
		};
/* End PBXResourcesBuildPhase section */

/* Begin PBXShellScriptBuildPhase section */
		18636CD2BD4BBDDBEC185C96 /* [CP] Check Pods Manifest.lock */ = {
			isa = PBXShellScriptBuildPhase;
			buildActionMask = 2147483647;
			files = (
			);
			inputFileListPaths = (
			);
			inputPaths = (
				"${PODS_PODFILE_DIR_PATH}/Podfile.lock",
				"${PODS_ROOT}/Manifest.lock",
			);
			name = "[CP] Check Pods Manifest.lock";
			outputFileListPaths = (
			);
			outputPaths = (
				"$(DERIVED_FILE_DIR)/Pods-Todoey-checkManifestLockResult.txt",
			);
			runOnlyForDeploymentPostprocessing = 0;
			shellPath = /bin/sh;
			shellScript = "diff \"${PODS_PODFILE_DIR_PATH}/Podfile.lock\" \"${PODS_ROOT}/Manifest.lock\" > /dev/null\nif [ $? != 0 ] ; then\n    # print error to STDERR\n    echo \"error: The sandbox is not in sync with the Podfile.lock. Run 'pod install' or update your CocoaPods installation.\" >&2\n    exit 1\nfi\n# This output is used by Xcode 'outputs' to avoid re-running this script phase.\necho \"SUCCESS\" > \"${SCRIPT_OUTPUT_FILE_0}\"\n";
			showEnvVarsInLog = 0;
		};
		308B775B84B4E5FDCA5A951D /* [CP] Embed Pods Frameworks */ = {
			isa = PBXShellScriptBuildPhase;
			buildActionMask = 2147483647;
			files = (
			);
			inputFileListPaths = (
			);
			inputPaths = (
				"${SRCROOT}/Pods/Target Support Files/Pods-Todoey/Pods-Todoey-frameworks.sh",
				"${BUILT_PRODUCTS_DIR}/Realm/Realm.framework",
				"${BUILT_PRODUCTS_DIR}/RealmSwift/RealmSwift.framework",
			);
			name = "[CP] Embed Pods Frameworks";
			outputFileListPaths = (
			);
			outputPaths = (
				"${TARGET_BUILD_DIR}/${FRAMEWORKS_FOLDER_PATH}/Realm.framework",
				"${TARGET_BUILD_DIR}/${FRAMEWORKS_FOLDER_PATH}/RealmSwift.framework",
			);
			runOnlyForDeploymentPostprocessing = 0;
			shellPath = /bin/sh;
			shellScript = "\"${SRCROOT}/Pods/Target Support Files/Pods-Todoey/Pods-Todoey-frameworks.sh\"\n";
			showEnvVarsInLog = 0;
		};
/* End PBXShellScriptBuildPhase section */

/* Begin PBXSourcesBuildPhase section */
		EE060B492221682500A06B0F /* Sources */ = {
			isa = PBXSourcesBuildPhase;
			buildActionMask = 2147483647;
			files = (
				EE8C98FB222E39B700AE4373 /* CategoryTc.swift in Sources */,
				EE060B6322216B0400A06B0F /* TodoListTC.swift in Sources */,
				EEEB3EF92227E1B800A1AF84 /* ModelData.xcdatamodeld in Sources */,
				EE060B512221682500A06B0F /* AppDelegate.swift in Sources */,
			);
			runOnlyForDeploymentPostprocessing = 0;
		};
/* End PBXSourcesBuildPhase section */

/* Begin PBXVariantGroup section */
		EE060B542221682500A06B0F /* Main.storyboard */ = {
			isa = PBXVariantGroup;
			children = (
				EE060B552221682500A06B0F /* Base */,
			);
			name = Main.storyboard;
			sourceTree = "<group>";
		};
		EE060B592221682700A06B0F /* LaunchScreen.storyboard */ = {
			isa = PBXVariantGroup;
			children = (
				EE060B5A2221682700A06B0F /* Base */,
			);
			name = LaunchScreen.storyboard;
			sourceTree = "<group>";
		};
/* End PBXVariantGroup section */

/* Begin XCBuildConfiguration section */
		EE060B5D2221682700A06B0F /* Debug */ = {
			isa = XCBuildConfiguration;
			buildSettings = {
				ALWAYS_SEARCH_USER_PATHS = NO;
				CLANG_ANALYZER_NONNULL = YES;
				CLANG_ANALYZER_NUMBER_OBJECT_CONVERSION = YES_AGGRESSIVE;
				CLANG_CXX_LANGUAGE_STANDARD = "gnu++14";
				CLANG_CXX_LIBRARY = "libc++";
				CLANG_ENABLE_MODULES = YES;
				CLANG_ENABLE_OBJC_ARC = YES;
				CLANG_ENABLE_OBJC_WEAK = YES;
				CLANG_WARN_BLOCK_CAPTURE_AUTORELEASING = YES;
				CLANG_WARN_BOOL_CONVERSION = YES;
				CLANG_WARN_COMMA = YES;
				CLANG_WARN_CONSTANT_CONVERSION = YES;
				CLANG_WARN_DEPRECATED_OBJC_IMPLEMENTATIONS = YES;
				CLANG_WARN_DIRECT_OBJC_ISA_USAGE = YES_ERROR;
				CLANG_WARN_DOCUMENTATION_COMMENTS = YES;
				CLANG_WARN_EMPTY_BODY = YES;
				CLANG_WARN_ENUM_CONVERSION = YES;
				CLANG_WARN_INFINITE_RECURSION = YES;
				CLANG_WARN_INT_CONVERSION = YES;
				CLANG_WARN_NON_LITERAL_NULL_CONVERSION = YES;
				CLANG_WARN_OBJC_IMPLICIT_RETAIN_SELF = YES;
				CLANG_WARN_OBJC_LITERAL_CONVERSION = YES;
				CLANG_WARN_OBJC_ROOT_CLASS = YES_ERROR;
				CLANG_WARN_RANGE_LOOP_ANALYSIS = YES;
				CLANG_WARN_STRICT_PROTOTYPES = YES;
				CLANG_WARN_SUSPICIOUS_MOVE = YES;
				CLANG_WARN_UNGUARDED_AVAILABILITY = YES_AGGRESSIVE;
				CLANG_WARN_UNREACHABLE_CODE = YES;
				CLANG_WARN__DUPLICATE_METHOD_MATCH = YES;
				CODE_SIGN_IDENTITY = "iPhone Developer";
				COPY_PHASE_STRIP = NO;
				DEBUG_INFORMATION_FORMAT = dwarf;
				ENABLE_STRICT_OBJC_MSGSEND = YES;
				ENABLE_TESTABILITY = YES;
				GCC_C_LANGUAGE_STANDARD = gnu11;
				GCC_DYNAMIC_NO_PIC = NO;
				GCC_NO_COMMON_BLOCKS = YES;
				GCC_OPTIMIZATION_LEVEL = 0;
				GCC_PREPROCESSOR_DEFINITIONS = (
					"DEBUG=1",
					"$(inherited)",
				);
				GCC_WARN_64_TO_32_BIT_CONVERSION = YES;
				GCC_WARN_ABOUT_RETURN_TYPE = YES_ERROR;
				GCC_WARN_UNDECLARED_SELECTOR = YES;
				GCC_WARN_UNINITIALIZED_AUTOS = YES_AGGRESSIVE;
				GCC_WARN_UNUSED_FUNCTION = YES;
				GCC_WARN_UNUSED_VARIABLE = YES;
				IPHONEOS_DEPLOYMENT_TARGET = 12.1;
				MTL_ENABLE_DEBUG_INFO = INCLUDE_SOURCE;
				MTL_FAST_MATH = YES;
				ONLY_ACTIVE_ARCH = YES;
				SDKROOT = iphoneos;
				SWIFT_ACTIVE_COMPILATION_CONDITIONS = DEBUG;
				SWIFT_OPTIMIZATION_LEVEL = "-Onone";
			};
			name = Debug;
		};
		EE060B5E2221682700A06B0F /* Release */ = {
			isa = XCBuildConfiguration;
			buildSettings = {
				ALWAYS_SEARCH_USER_PATHS = NO;
				CLANG_ANALYZER_NONNULL = YES;
				CLANG_ANALYZER_NUMBER_OBJECT_CONVERSION = YES_AGGRESSIVE;
				CLANG_CXX_LANGUAGE_STANDARD = "gnu++14";
				CLANG_CXX_LIBRARY = "libc++";
				CLANG_ENABLE_MODULES = YES;
				CLANG_ENABLE_OBJC_ARC = YES;
				CLANG_ENABLE_OBJC_WEAK = YES;
				CLANG_WARN_BLOCK_CAPTURE_AUTORELEASING = YES;
				CLANG_WARN_BOOL_CONVERSION = YES;
				CLANG_WARN_COMMA = YES;
				CLANG_WARN_CONSTANT_CONVERSION = YES;
				CLANG_WARN_DEPRECATED_OBJC_IMPLEMENTATIONS = YES;
				CLANG_WARN_DIRECT_OBJC_ISA_USAGE = YES_ERROR;
				CLANG_WARN_DOCUMENTATION_COMMENTS = YES;
				CLANG_WARN_EMPTY_BODY = YES;
				CLANG_WARN_ENUM_CONVERSION = YES;
				CLANG_WARN_INFINITE_RECURSION = YES;
				CLANG_WARN_INT_CONVERSION = YES;
				CLANG_WARN_NON_LITERAL_NULL_CONVERSION = YES;
				CLANG_WARN_OBJC_IMPLICIT_RETAIN_SELF = YES;
				CLANG_WARN_OBJC_LITERAL_CONVERSION = YES;
				CLANG_WARN_OBJC_ROOT_CLASS = YES_ERROR;
				CLANG_WARN_RANGE_LOOP_ANALYSIS = YES;
				CLANG_WARN_STRICT_PROTOTYPES = YES;
				CLANG_WARN_SUSPICIOUS_MOVE = YES;
				CLANG_WARN_UNGUARDED_AVAILABILITY = YES_AGGRESSIVE;
				CLANG_WARN_UNREACHABLE_CODE = YES;
				CLANG_WARN__DUPLICATE_METHOD_MATCH = YES;
				CODE_SIGN_IDENTITY = "iPhone Developer";
				COPY_PHASE_STRIP = NO;
				DEBUG_INFORMATION_FORMAT = "dwarf-with-dsym";
				ENABLE_NS_ASSERTIONS = NO;
				ENABLE_STRICT_OBJC_MSGSEND = YES;
				GCC_C_LANGUAGE_STANDARD = gnu11;
				GCC_NO_COMMON_BLOCKS = YES;
				GCC_WARN_64_TO_32_BIT_CONVERSION = YES;
				GCC_WARN_ABOUT_RETURN_TYPE = YES_ERROR;
				GCC_WARN_UNDECLARED_SELECTOR = YES;
				GCC_WARN_UNINITIALIZED_AUTOS = YES_AGGRESSIVE;
				GCC_WARN_UNUSED_FUNCTION = YES;
				GCC_WARN_UNUSED_VARIABLE = YES;
				IPHONEOS_DEPLOYMENT_TARGET = 12.1;
				MTL_ENABLE_DEBUG_INFO = NO;
				MTL_FAST_MATH = YES;
				SDKROOT = iphoneos;
				SWIFT_COMPILATION_MODE = wholemodule;
				SWIFT_OPTIMIZATION_LEVEL = "-O";
				VALIDATE_PRODUCT = YES;
			};
			name = Release;
		};
		EE060B602221682700A06B0F /* Debug */ = {
			isa = XCBuildConfiguration;
			baseConfigurationReference = 3E0457FE88B313CC12529C6C /* Pods-Todoey.debug.xcconfig */;
			buildSettings = {
				ASSETCATALOG_COMPILER_APPICON_NAME = AppIcon;
				CODE_SIGN_STYLE = Automatic;
				DEVELOPMENT_TEAM = CZ35CTMT62;
				INFOPLIST_FILE = Todoey/Info.plist;
				LD_RUNPATH_SEARCH_PATHS = (
					"$(inherited)",
					"@executable_path/Frameworks",
				);
				PRODUCT_BUNDLE_IDENTIFIER = shivam.Todoey;
				PRODUCT_NAME = "$(TARGET_NAME)";
				SWIFT_VERSION = 4.2;
				TARGETED_DEVICE_FAMILY = "1,2";
			};
			name = Debug;
		};
		EE060B612221682700A06B0F /* Release */ = {
			isa = XCBuildConfiguration;
			baseConfigurationReference = EEE1BE4A33A65A545202323D /* Pods-Todoey.release.xcconfig */;
			buildSettings = {
				ASSETCATALOG_COMPILER_APPICON_NAME = AppIcon;
				CODE_SIGN_STYLE = Automatic;
				DEVELOPMENT_TEAM = CZ35CTMT62;
				INFOPLIST_FILE = Todoey/Info.plist;
				LD_RUNPATH_SEARCH_PATHS = (
					"$(inherited)",
					"@executable_path/Frameworks",
				);
				PRODUCT_BUNDLE_IDENTIFIER = shivam.Todoey;
				PRODUCT_NAME = "$(TARGET_NAME)";
				SWIFT_VERSION = 4.2;
				TARGETED_DEVICE_FAMILY = "1,2";
			};
			name = Release;
		};
/* End XCBuildConfiguration section */

/* Begin XCConfigurationList section */
		EE060B482221682500A06B0F /* Build configuration list for PBXProject "Todoey" */ = {
			isa = XCConfigurationList;
			buildConfigurations = (
				EE060B5D2221682700A06B0F /* Debug */,
				EE060B5E2221682700A06B0F /* Release */,
			);
			defaultConfigurationIsVisible = 0;
			defaultConfigurationName = Release;
		};
		EE060B5F2221682700A06B0F /* Build configuration list for PBXNativeTarget "Todoey" */ = {
			isa = XCConfigurationList;
			buildConfigurations = (
				EE060B602221682700A06B0F /* Debug */,
				EE060B612221682700A06B0F /* Release */,
			);
			defaultConfigurationIsVisible = 0;
			defaultConfigurationName = Release;
		};
/* End XCConfigurationList section */

/* Begin XCVersionGroup section */
		EEEB3EF72227E1B800A1AF84 /* ModelData.xcdatamodeld */ = {
			isa = XCVersionGroup;
			children = (
				EEEB3EF82227E1B800A1AF84 /* ModelData.xcdatamodel */,
			);
			currentVersion = EEEB3EF82227E1B800A1AF84 /* ModelData.xcdatamodel */;
			path = ModelData.xcdatamodeld;
			sourceTree = "<group>";
			versionGroupType = wrapper.xcdatamodel;
		};
/* End XCVersionGroup section */
	};
	rootObject = EE060B452221682500A06B0F /* Project object */;
}
